
Microsoft Visual Studio Solution File, Format Version 12.00
# Visual Studio Version 16
VisualStudioVersion = 16.0.31624.102
MinimumVisualStudioVersion = 10.0.40219.1
Project("{8BC9CEB8-8B4A-11D0-8D11-00A0C91BC942}") = "ArieCv", "ArieCv\ArieCv.vcxproj", "{D042292D-0315-4F9A-B1E7-EE6E973BCAC1}"
EndProject
Project("{8BC9CEB8-8B4A-11D0-8D11-00A0C91BC942}") = "TestApp", "TestApp\TestApp.vcxproj", "{0FA19A35-AB21-447D-BF92-E177CDBF0FAE}"
EndProject
Global
	GlobalSection(SolutionConfigurationPlatforms) = preSolution
		Debug|x64 = Debug|x64
		Release|x64 = Release|x64
	EndGlobalSection
	GlobalSection(ProjectConfigurationPlatforms) = postSolution
		{D042292D-0315-4F9A-B1E7-EE6E973BCAC1}.Debug|x64.ActiveCfg = Debug|x64
		{D042292D-0315-4F9A-B1E7-EE6E973BCAC1}.Debug|x64.Build.0 = Debug|x64
		{D042292D-0315-4F9A-B1E7-EE6E973BCAC1}.Release|x64.ActiveCfg = Release|x64
		{D042292D-0315-4F9A-B1E7-EE6E973BCAC1}.Release|x64.Build.0 = Release|x64
		{0FA19A35-AB21-447D-BF92-E177CDBF0FAE}.Debug|x64.ActiveCfg = Debug|x64
		{0FA19A35-AB21-447D-BF92-E177CDBF0FAE}.Debug|x64.Build.0 = Debug|x64
		{0FA19A35-AB21-447D-BF92-E177CDBF0FAE}.Release|x64.ActiveCfg = Release|x64
		{0FA19A35-AB21-447D-BF92-E177CDBF0FAE}.Release|x64.Build.0 = Release|x64
	EndGlobalSection
	GlobalSection(SolutionProperties) = preSolution
		HideSolutionNode = FALSE
	EndGlobalSection
	GlobalSection(ExtensibilityGlobals) = postSolution
		SolutionGuid = {971D0529-A8B5-4DDC-9D36-F3A613F0BD38}
	EndGlobalSection
EndGlobal
